{
  "nodes": {
    "Prettier": {
      "flake": false,
      "locked": {
        "lastModified": 1634920614,
        "narHash": "sha256-75Ci+UElQVbaZf6OPJ00IUgEXooNcubRoF9KmkdIuXg=",
        "owner": "Z-snails",
        "repo": "prettier",
        "rev": "ca24f339e93c3f45d74349887f3f338cc7f5067b",
        "type": "github"
      },
      "original": {
        "owner": "Z-snails",
        "repo": "prettier",
        "type": "github"
      }
    },
    "collie": {
      "flake": false,
      "locked": {
        "lastModified": 1631011321,
        "narHash": "sha256-goYctB+WBoLgsbjA0DlqGjD8i9wr1K0lv0agqpuwflU=",
        "owner": "ohad",
        "repo": "collie",
        "rev": "ed2eda5e04fbd02a7728e915d396e14cc7ec298e",
        "type": "github"
      },
      "original": {
        "owner": "ohad",
        "repo": "collie",
        "type": "github"
      }
    },
    "comonad": {
      "flake": false,
      "locked": {
        "lastModified": 1638093386,
        "narHash": "sha256-kxmN6XuszFLK2i76C6LSGHe5XxAURFu9NpzJbi3nodk=",
        "owner": "stefan-hoeck",
        "repo": "idris2-comonad",
        "rev": "06d6b551db20f1f940eb24c1dae051c957de97ad",
        "type": "github"
      },
      "original": {
        "owner": "stefan-hoeck",
        "repo": "idris2-comonad",
        "type": "github"
      }
    },
    "dom": {
      "flake": false,
      "locked": {
        "lastModified": 1637210631,
        "narHash": "sha256-DjdoCHMYaOJ1CZh7wFGOeoWdSgzitJAqheGUApZKMyI=",
        "owner": "stefan-hoeck",
        "repo": "idris2-dom",
        "rev": "143002a255837178d3299282651c64009f167432",
        "type": "github"
      },
      "original": {
        "owner": "stefan-hoeck",
        "repo": "idris2-dom",
        "type": "github"
      }
    },
    "doom-emacs": {
      "flake": false,
      "locked": {
        "lastModified": 1641479274,
        "narHash": "sha256-wR+1Rx8WX0JLy8xPTX4olprBeU5i2Q3z6qMckTMuFWI=",
        "owner": "hlissner",
        "repo": "doom-emacs",
        "rev": "bc47e72984f9e6eb89a19e9560185188575b10c1",
        "type": "github"
      },
      "original": {
        "owner": "hlissner",
        "ref": "develop",
        "repo": "doom-emacs",
        "type": "github"
      }
    },
    "doom-snippets": {
      "flake": false,
      "locked": {
        "lastModified": 1637750904,
        "narHash": "sha256-zkKmbl9rros3IzMTX01l9eh1Uzg3E+eYgzuj8+VPBwM=",
        "owner": "hlissner",
        "repo": "doom-snippets",
        "rev": "3083b2342f95fa55c1fd3b4a16229c5d867a02b0",
        "type": "github"
      },
      "original": {
        "owner": "hlissner",
        "repo": "doom-snippets",
        "type": "github"
      }
    },
    "dot-parse": {
      "flake": false,
      "locked": {
        "lastModified": 1638264571,
        "narHash": "sha256-VJQITz+vuQgl5HwR5QdUGwN8SRtGcb2/lJaAVfFbiSk=",
        "owner": "CodingCellist",
        "repo": "idris2-dot-parse",
        "rev": "48fbda8bf8adbaf9e8ebd6ea740228e4394154d9",
        "type": "github"
      },
      "original": {
        "owner": "CodingCellist",
        "repo": "idris2-dot-parse",
        "type": "github"
      }
    },
    "effect": {
      "flake": false,
      "locked": {
        "lastModified": 1637477153,
        "narHash": "sha256-Ta2Vogg/IiSBkfhhD57jjPTEf3S4DOiVRmof38hmwlM=",
        "owner": "russoul",
        "repo": "idris2-effect",
        "rev": "ea1daf53b2d7e52f9917409f5653adc557f0ee1a",
        "type": "github"
      },
      "original": {
        "owner": "russoul",
        "repo": "idris2-effect",
        "type": "github"
      }
    },
    "elab-util": {
      "flake": false,
      "locked": {
        "lastModified": 1637208008,
        "narHash": "sha256-Ccl0DjDO3CkvITnCYK/enyI3016Memlk69iAAuidKcY=",
        "owner": "stefan-hoeck",
        "repo": "idris2-elab-util",
        "rev": "b1765b71f4af9590d30561eaf4c1e29393972ccb",
        "type": "github"
      },
      "original": {
        "owner": "stefan-hoeck",
        "repo": "idris2-elab-util",
        "type": "github"
      }
    },
    "emacs-overlay": {
      "locked": {
        "lastModified": 1641638682,
        "narHash": "sha256-vD5iIMRFMsHiimXDgUjb0Oh7L+ekfoahqP0sZToI0CU=",
        "owner": "nix-community",
        "repo": "emacs-overlay",
        "rev": "aff3bc2b1626b05207cd37076c113712af4ca32d",
        "type": "github"
      },
      "original": {
        "owner": "nix-community",
        "repo": "emacs-overlay",
        "type": "github"
      }
    },
    "emacs-so-long": {
      "flake": false,
      "locked": {
        "lastModified": 1575031854,
        "narHash": "sha256-xIa5zO0ZaToDrec1OFjBK6l39AbA4l/CE4LInVu2hi0=",
        "owner": "hlissner",
        "repo": "emacs-so-long",
        "rev": "ed666b0716f60e8988c455804de24b55919e71ca",
        "type": "github"
      },
      "original": {
        "owner": "hlissner",
        "repo": "emacs-so-long",
        "type": "github"
      }
    },
    "evil-markdown": {
      "flake": false,
      "locked": {
        "lastModified": 1626852210,
        "narHash": "sha256-HBBuZ1VWIn6kwK5CtGIvHM1+9eiNiKPH0GUsyvpUVN8=",
        "owner": "Somelauw",
        "repo": "evil-markdown",
        "rev": "8e6cc68af83914b2fa9fd3a3b8472573dbcef477",
        "type": "github"
      },
      "original": {
        "owner": "Somelauw",
        "repo": "evil-markdown",
        "type": "github"
      }
    },
    "evil-org-mode": {
      "flake": false,
      "locked": {
        "lastModified": 1607203864,
        "narHash": "sha256-JxwqVYDN6OIJEH15MVI6XOZAPtUWUhJQWHyzcrUvrFg=",
        "owner": "hlissner",
        "repo": "evil-org-mode",
        "rev": "a9706da260c45b98601bcd72b1d2c0a24a017700",
        "type": "github"
      },
      "original": {
        "owner": "hlissner",
        "repo": "evil-org-mode",
        "type": "github"
      }
    },
    "evil-quick-diff": {
      "flake": false,
      "locked": {
        "lastModified": 1575189609,
        "narHash": "sha256-oGzl1ayW9rIuq0haoiFS7RZsS8NFMdEA7K1BSozgnJU=",
        "owner": "rgrinberg",
        "repo": "evil-quick-diff",
        "rev": "69c883720b30a892c63bc89f49d4f0e8b8028908",
        "type": "github"
      },
      "original": {
        "owner": "rgrinberg",
        "repo": "evil-quick-diff",
        "type": "github"
      }
    },
    "explain-pause-mode": {
      "flake": false,
      "locked": {
        "lastModified": 1595842060,
        "narHash": "sha256-++znrjiDSx+cy4okFBBXUBkRFdtnE2x+trkmqjB3Njs=",
        "owner": "lastquestion",
        "repo": "explain-pause-mode",
        "rev": "2356c8c3639cbeeb9751744dbe737267849b4b51",
        "type": "github"
      },
      "original": {
        "owner": "lastquestion",
        "repo": "explain-pause-mode",
        "type": "github"
      }
    },
    "flake-compat": {
      "flake": false,
      "locked": {
        "lastModified": 1627913399,
        "narHash": "sha256-hY8g6H2KFL8ownSiFeMOjwPC8P0ueXpCVEbxgda3pko=",
        "owner": "edolstra",
        "repo": "flake-compat",
        "rev": "12c64ca55c1014cdc1b16ed5a804aa8576601ff2",
        "type": "github"
      },
      "original": {
        "owner": "edolstra",
        "repo": "flake-compat",
        "type": "github"
      }
    },
    "flake-utils": {
      "locked": {
        "lastModified": 1638122382,
        "narHash": "sha256-sQzZzAbvKEqN9s0bzWuYmRaA03v40gaJ4+iL1LXjaeI=",
        "owner": "numtide",
        "repo": "flake-utils",
        "rev": "74f7e4319258e287b0f9cb95426c9853b282730b",
        "type": "github"
      },
      "original": {
        "owner": "numtide",
        "repo": "flake-utils",
        "type": "github"
      }
    },
    "flake-utils_2": {
      "locked": {
        "lastModified": 1629481132,
        "narHash": "sha256-JHgasjPR0/J1J3DRm4KxM4zTyAj4IOJY8vIl75v/kPI=",
        "owner": "numtide",
        "repo": "flake-utils",
        "rev": "997f7efcb746a9c140ce1f13c72263189225f482",
        "type": "github"
      },
      "original": {
        "owner": "numtide",
        "repo": "flake-utils",
        "type": "github"
      }
    },
    "flake-utils_3": {
      "locked": {
        "lastModified": 1638122382,
        "narHash": "sha256-sQzZzAbvKEqN9s0bzWuYmRaA03v40gaJ4+iL1LXjaeI=",
        "owner": "numtide",
        "repo": "flake-utils",
        "rev": "74f7e4319258e287b0f9cb95426c9853b282730b",
        "type": "github"
      },
      "original": {
        "owner": "numtide",
        "repo": "flake-utils",
        "type": "github"
      }
    },
    "format-all": {
      "flake": false,
      "locked": {
        "lastModified": 1581716637,
        "narHash": "sha256-ul7LCe60W8TIvUmUtZtZRo8489TK9iTPDsLHmzxY57M=",
        "owner": "lassik",
        "repo": "emacs-format-all-the-code",
        "rev": "47d862d40a088ca089c92cd393c6dca4628f87d3",
        "type": "github"
      },
      "original": {
        "owner": "lassik",
        "repo": "emacs-format-all-the-code",
        "rev": "47d862d40a088ca089c92cd393c6dca4628f87d3",
        "type": "github"
      }
    },
    "frex": {
      "flake": false,
      "locked": {
        "lastModified": 1637410704,
        "narHash": "sha256-BthU1t++n0ZvS76p0fCHsE33QSoXYxf0hMUSKajDY8w=",
        "owner": "frex-project",
        "repo": "idris-frex",
        "rev": "22c480e879c757a5cebca7bb555ec3d21ae3ac28",
        "type": "github"
      },
      "original": {
        "owner": "frex-project",
        "repo": "idris-frex",
        "type": "github"
      }
    },
    "fvect": {
      "flake": false,
      "locked": {
        "lastModified": 1633247988,
        "narHash": "sha256-zElIze03XpcrYL4H5Aj0ZGNplJGbtOx+iWnivJMzHm0=",
        "owner": "mattpolzin",
        "repo": "idris-fvect",
        "rev": "1c5e3761e0cd83e711a3535ef9051bea45e6db3f",
        "type": "github"
      },
      "original": {
        "owner": "mattpolzin",
        "repo": "idris-fvect",
        "type": "github"
      }
    },
    "hedgehog": {
      "flake": false,
      "locked": {
        "lastModified": 1637208594,
        "narHash": "sha256-uD8hWlNQto2I0adewIcS56CkK269fEwieN3PmD72R9o=",
        "owner": "stefan-hoeck",
        "repo": "idris2-hedgehog",
        "rev": "71dd01032dde8dcd50e696ed2583cf96035ee5c1",
        "type": "github"
      },
      "original": {
        "owner": "stefan-hoeck",
        "repo": "idris2-hedgehog",
        "type": "github"
      }
    },
    "home-manager": {
      "inputs": {
        "nixpkgs": [
          "nixpkgs"
        ]
      },
      "locked": {
        "lastModified": 1638959036,
        "narHash": "sha256-d75Ow/rV3nq4penfTJz9H3/OlIHttoKoJUDEfink/8k=",
        "owner": "nix-community",
        "repo": "home-manager",
        "rev": "829e89a16f4f96428d1b94e68d4c06107b5491c0",
        "type": "github"
      },
      "original": {
        "owner": "nix-community",
        "repo": "home-manager",
        "type": "github"
      }
    },
    "idrall": {
      "flake": false,
      "locked": {
        "lastModified": 1636495701,
        "narHash": "sha256-aOdCRd4XsSxwqVGta1adlZBy8TVTxTwFDnJ1dyMZK8M=",
        "owner": "alexhumphreys",
        "repo": "idrall",
        "rev": "13ef174290169d05c9e9abcd77c53412e3e0c944",
        "type": "github"
      },
      "original": {
        "owner": "alexhumphreys",
        "ref": "13ef174",
        "repo": "idrall",
        "type": "github"
      }
    },
    "idris-server": {
      "flake": false,
      "locked": {
        "lastModified": 1634507315,
        "narHash": "sha256-ulo23yLJXsvImoMB/1C6yRRTqmn/Odo+aUaVi+tUhJo=",
        "owner": "avidela",
        "repo": "idris-server",
        "rev": "661a4ecf0fadaa2bd79c8e922c2d4f79b0b7a445",
        "type": "gitlab"
      },
      "original": {
        "owner": "avidela",
        "repo": "idris-server",
        "type": "gitlab"
      }
    },
    "idris2": {
      "flake": false,
      "locked": {
        "lastModified": 1638874850,
        "narHash": "sha256-6y3O987ONciqhQ9n9BOqOU+6HjZRZ3BMvMcO5dlsU58=",
        "owner": "idris-lang",
        "repo": "idris2",
        "rev": "816240d93ef02124b2078322d14f69d34300c7ee",
        "type": "github"
      },
      "original": {
        "owner": "idris-lang",
        "repo": "idris2",
        "type": "github"
      }
    },
    "idris2-pkgs": {
      "inputs": {
        "Prettier": "Prettier",
        "collie": "collie",
        "comonad": "comonad",
        "dom": "dom",
        "dot-parse": "dot-parse",
        "effect": "effect",
        "elab-util": "elab-util",
        "flake-utils": "flake-utils",
        "frex": "frex",
        "fvect": "fvect",
        "hedgehog": "hedgehog",
        "idrall": "idrall",
        "idris-server": "idris-server",
        "idris2": "idris2",
        "indexed": "indexed",
        "inigo": "inigo",
        "ipkg-to-json": "ipkg-to-json",
        "json": "json",
        "katla": "katla",
        "lsp": "lsp",
        "nixpkgs": [
          "nixpkgs"
        ],
        "pretty-show": "pretty-show",
        "rhone": "rhone",
        "rhone-js": "rhone-js",
        "sop": "sop",
        "tailrec": "tailrec",
        "xml": "xml"
      },
      "locked": {
        "lastModified": 1638883127,
        "narHash": "sha256-fnWKNTp2QbC9UHvFKM1c7gOChkqmId9dWN/UleGJ3HQ=",
        "owner": "claymager",
        "repo": "idris2-pkgs",
        "rev": "8da2169779895a11fe7c363f3001dcdf417fd407",
        "type": "github"
      },
      "original": {
        "owner": "claymager",
        "repo": "idris2-pkgs",
        "type": "github"
      }
    },
    "indexed": {
      "flake": false,
      "locked": {
        "lastModified": 1638685238,
        "narHash": "sha256-FceB7o88yKYzjTfRC6yfhOL6oDPMmCQAsJZu/pjE2uA=",
        "owner": "mattpolzin",
        "repo": "idris-indexed",
        "rev": "ff3ba99b0063da6a74c96178e7f3c58a4ac1693e",
        "type": "github"
      },
      "original": {
        "owner": "mattpolzin",
        "repo": "idris-indexed",
        "type": "github"
      }
    },
    "inigo": {
      "flake": false,
      "locked": {
        "lastModified": 1637596767,
        "narHash": "sha256-LNx30LO0YWDVSPTxRLWGTFL4f3d5ANG6c60WPdmiYdY=",
        "owner": "idris-community",
        "repo": "Inigo",
        "rev": "57f5b5c051222d8c630010a0a3cf7d7138910127",
        "type": "github"
      },
      "original": {
        "owner": "idris-community",
        "repo": "Inigo",
        "type": "github"
      }
    },
    "ipkg-to-json": {
      "flake": false,
      "locked": {
        "lastModified": 1634937414,
        "narHash": "sha256-LhSmWRpI7vyIQE7QTo38ZTjlqYPVSvV/DIpIxzPmqS0=",
        "owner": "claymager",
        "repo": "ipkg-to-json",
        "rev": "2969b6b83714eeddc31e41577a565778ee5922e6",
        "type": "github"
      },
      "original": {
        "owner": "claymager",
        "repo": "ipkg-to-json",
        "type": "github"
      }
    },
    "json": {
      "flake": false,
      "locked": {
        "lastModified": 1637209740,
        "narHash": "sha256-f+u8jut0bLRvjoC5TKpY2N0AzkBjFtHaOXZ7YyOOoao=",
        "owner": "stefan-hoeck",
        "repo": "idris2-json",
        "rev": "beaa9d1cbb9cdeae618a87db1d17c840ae6b792c",
        "type": "github"
      },
      "original": {
        "owner": "stefan-hoeck",
        "repo": "idris2-json",
        "type": "github"
      }
    },
    "katla": {
      "flake": false,
      "locked": {
        "lastModified": 1636542431,
        "narHash": "sha256-X83NA/P3k1iPcBa8g5z8JldEmFEz/jxVeViJX0/FikY=",
        "owner": "idris-community",
        "repo": "katla",
        "rev": "d841ec243f96b4762074211ee81033e28884c858",
        "type": "github"
      },
      "original": {
        "owner": "idris-community",
        "repo": "katla",
        "type": "github"
      }
    },
    "lsp": {
      "flake": false,
      "locked": {
        "lastModified": 1637784127,
        "narHash": "sha256-32bczo3FxrO7MW9KDwmyegAVIx8g0XqY0wgIFxZeLYI=",
        "owner": "idris-community",
        "repo": "idris2-lsp",
        "rev": "f84d0a4f96013ab2cf96ecaa4e70313837fd8997",
        "type": "github"
      },
      "original": {
        "owner": "idris-community",
        "repo": "idris2-lsp",
        "type": "github"
      }
    },
    "neovim-flake": {
      "inputs": {
        "flake-utils": "flake-utils_2",
        "nixpkgs": "nixpkgs"
      },
      "locked": {
        "dir": "contrib",
        "lastModified": 1633930370,
        "narHash": "sha256-2PQoC4RKrMK+3PjEYvHZuFGm8pTN5CDDF+yo+jAOZy0=",
        "owner": "neovim",
        "repo": "neovim",
        "rev": "d288daac2bdc7e1e7da58656cd26a4311811120c",
        "type": "github"
      },
      "original": {
        "dir": "contrib",
        "owner": "neovim",
        "repo": "neovim",
        "type": "github"
      }
    },
    "neovim-nightly-overlay": {
      "inputs": {
        "flake-compat": "flake-compat",
        "neovim-flake": "neovim-flake",
        "nixpkgs": [
          "nixpkgs"
        ]
      },
      "locked": {
        "lastModified": 1633939991,
        "narHash": "sha256-F675OuZkYUFg4eZzY6H6HGp+4fP3Kbsb6xYbfXhIfOs=",
        "owner": "nix-community",
        "repo": "neovim-nightly-overlay",
        "rev": "ba9cd11a45f9c5af1aaf1f9ae6e168d6028fdfcd",
        "type": "github"
      },
      "original": {
        "owner": "nix-community",
        "repo": "neovim-nightly-overlay",
        "type": "github"
      }
    },
    "nix-colors": {
      "locked": {
        "lastModified": 1633318162,
        "narHash": "sha256-rr6BMT4o66KWU9yXVv9W/yB/zMCVZC+zb4OvRftc/h8=",
        "owner": "misterio77",
        "repo": "nix-colors",
        "rev": "182b4b8709b8ffe4e9774a4c5d6877bf6bb9a21c",
        "type": "github"
      },
      "original": {
        "owner": "misterio77",
        "repo": "nix-colors",
        "type": "github"
      }
    },
    "nix-doom-emacs": {
      "inputs": {
        "doom-emacs": "doom-emacs",
        "doom-snippets": "doom-snippets",
        "emacs-overlay": [
          "emacs-overlay"
        ],
        "emacs-so-long": "emacs-so-long",
        "evil-markdown": "evil-markdown",
        "evil-org-mode": "evil-org-mode",
        "evil-quick-diff": "evil-quick-diff",
        "explain-pause-mode": "explain-pause-mode",
        "flake-utils": "flake-utils_3",
        "format-all": "format-all",
        "nix-straight": "nix-straight",
        "nixpkgs": [
          "nixpkgs"
        ],
        "nose": "nose",
        "ob-racket": "ob-racket",
        "org": "org",
        "org-contrib": "org-contrib",
        "org-yt": "org-yt",
        "php-extras": "php-extras",
        "revealjs": "revealjs",
        "rotate-text": "rotate-text"
      },
      "locked": {
        "lastModified": 1641517873,
        "narHash": "sha256-JWiJXjrZO7WlMORT8E27QjGQYsrtS3ln5LG087bMYZg=",
        "owner": "nix-community",
        "repo": "nix-doom-emacs",
        "rev": "6f3ac60c5719171f805740558e1705d0b46f91ba",
        "type": "github"
      },
      "original": {
        "owner": "nix-community",
        "repo": "nix-doom-emacs",
        "type": "github"
      }
    },
    "nix-straight": {
      "flake": false,
      "locked": {
        "lastModified": 1639180741,
        "narHash": "sha256-3AaUE9Z/Sc5QxK8WtkPzU+9UqcOUaF9klaz8sV8DUu4=",
        "owner": "nix-community",
        "repo": "nix-straight.el",
        "rev": "866ef703fa96c970624d6d4ad33110a0708fcfef",
        "type": "github"
      },
      "original": {
        "owner": "nix-community",
        "repo": "nix-straight.el",
        "type": "github"
      }
    },
    "nixos-hardware": {
      "locked": {
        "lastModified": 1624713701,
        "narHash": "sha256-miYoO9/M+ZYlNPknRF9VYh6bQEQCPPz6lM0Pb60jbPk=",
        "owner": "NixOS",
        "repo": "nixos-hardware",
        "rev": "03c60a2db286bcd8ecfac9a8739c50626ca0fd8e",
        "type": "github"
      },
      "original": {
        "owner": "NixOS",
        "ref": "master",
        "repo": "nixos-hardware",
        "type": "github"
      }
    },
    "nixpkgs": {
      "locked": {
        "lastModified": 1638806821,
        "narHash": "sha256-v2qd2Bsmzft53s43eCbN+4ocrLksRdFLyF/MAGuWuDA=",
        "owner": "nixos",
        "repo": "nixpkgs",
        "rev": "bc5d68306b40b8522ffb69ba6cff91898c2fbbff",
        "type": "github"
      },
      "original": {
        "owner": "nixos",
        "ref": "nixos-unstable",
        "repo": "nixpkgs",
        "type": "github"
      }
    },
    "nixpkgs_2": {
      "locked": {
        "lastModified": 1641671388,
        "narHash": "sha256-aHoO6CpPLJK8hLkPJrpMnCRnj3YbfQZ7HNcXcnI83E0=",
        "owner": "nixos",
        "repo": "nixpkgs",
        "rev": "32356ce11b8cc5cc421b68138ae8c730cc8ad4a2",
        "type": "github"
      },
      "original": {
        "owner": "nixos",
        "ref": "nixpkgs-unstable",
        "repo": "nixpkgs",
        "type": "github"
      }
    },
    "nose": {
      "flake": false,
      "locked": {
        "lastModified": 1400604510,
        "narHash": "sha256-daEi8Kta1oGaDEmUUDDQMahTTPOpvNpDKk22rlr7cB0=",
        "owner": "emacsattic",
        "repo": "nose",
        "rev": "f8528297519eba911696c4e68fa88892de9a7b72",
        "type": "github"
      },
      "original": {
        "owner": "emacsattic",
        "repo": "nose",
        "type": "github"
      }
    },
    "ob-racket": {
      "flake": false,
      "locked": {
        "lastModified": 1584656173,
        "narHash": "sha256-rBUYDDCXb+3D4xTPQo9UocbTPZ32kWV1Uya/1DmZknU=",
        "owner": "xchrishawk",
        "repo": "ob-racket",
        "rev": "83457ec9e1e96a29fd2086ed19432b9d75787673",
        "type": "github"
      },
      "original": {
        "owner": "xchrishawk",
        "repo": "ob-racket",
        "type": "github"
      }
    },
    "org": {
      "flake": false,
      "locked": {
        "lastModified": 1640446586,
        "narHash": "sha256-jxqgXyRocD6KXJqlUs7IpZjBdq2wtQo0mFzfBc/tueE=",
        "owner": "emacs-straight",
        "repo": "org-mode",
        "rev": "d012350dadf15835e361626ba0a6ec08f8c7a715",
        "type": "github"
      },
      "original": {
        "owner": "emacs-straight",
        "repo": "org-mode",
        "type": "github"
      }
    },
    "org-contrib": {
      "flake": false,
      "locked": {
        "lastModified": 1639727892,
        "narHash": "sha256-+T6Y87aSAx7kMpigm8d1ODDQIyPBM6a+4qGolXjCEXs=",
        "ref": "master",
        "rev": "5766ff1088191e4df5fecd55007ba4271e609bcc",
        "revCount": 2611,
        "type": "git",
        "url": "https://git.sr.ht/~bzg/org-contrib"
      },
      "original": {
        "type": "git",
        "url": "https://git.sr.ht/~bzg/org-contrib"
      }
    },
    "org-yt": {
      "flake": false,
      "locked": {
        "lastModified": 1527381913,
        "narHash": "sha256-dzQ6B7ryzatHCTLyEnRSbWO0VUiX/FHYnpHTs74aVUs=",
        "owner": "TobiasZawada",
        "repo": "org-yt",
        "rev": "40cc1ac76d741055cbefa13860d9f070a7ade001",
        "type": "github"
      },
      "original": {
        "owner": "TobiasZawada",
        "repo": "org-yt",
        "type": "github"
      }
    },
    "php-extras": {
      "flake": false,
      "locked": {
        "lastModified": 1573312690,
        "narHash": "sha256-r4WyVbzvT0ra4Z6JywNBOw5RxOEYd6Qe2IpebHXkj1U=",
        "owner": "arnested",
        "repo": "php-extras",
        "rev": "d410c5af663c30c01d461ac476d1cbfbacb49367",
        "type": "github"
      },
      "original": {
        "owner": "arnested",
        "repo": "php-extras",
        "type": "github"
      }
    },
    "pretty-show": {
      "flake": false,
      "locked": {
        "lastModified": 1637208606,
        "narHash": "sha256-T4gPE2LFDkRWk2F6sXS0CcXYJfo+2uB1oIO3MJkeIek=",
        "owner": "stefan-hoeck",
        "repo": "idris2-pretty-show",
        "rev": "61e0f92fe42eb6a1b2afbbd1e94b30250d627b86",
        "type": "github"
      },
      "original": {
        "owner": "stefan-hoeck",
        "repo": "idris2-pretty-show",
        "type": "github"
      }
    },
    "revealjs": {
      "flake": false,
      "locked": {
        "lastModified": 1641209931,
        "narHash": "sha256-WzYFA2e0fGFOqlt7eTapOWQ5kBMs3icTIKrHxxh0c28=",
        "owner": "hakimel",
        "repo": "reveal.js",
        "rev": "dbb1d5ed19bdb42113d64ca452abdeaf9f92e6de",
        "type": "github"
      },
      "original": {
        "owner": "hakimel",
        "repo": "reveal.js",
        "type": "github"
      }
    },
    "rhone": {
      "flake": false,
      "locked": {
        "lastModified": 1637210621,
        "narHash": "sha256-3y3sTTwFmAf1Aj22OaTRDVIjMv+RJ8fBHibmkTr0v20=",
        "owner": "stefan-hoeck",
        "repo": "idris2-rhone",
        "rev": "0e486c32f79a43debcdf1bb6f2f7253401f860dd",
        "type": "github"
      },
      "original": {
        "owner": "stefan-hoeck",
        "repo": "idris2-rhone",
        "type": "github"
      }
    },
    "rhone-js": {
      "flake": false,
      "locked": {
        "lastModified": 1637211132,
        "narHash": "sha256-9yJnaK0tMbuAAcUZYOO1TckfbUOv42+jUhllRa843P4=",
        "owner": "stefan-hoeck",
        "repo": "idris2-rhone-js",
        "rev": "f1af1fe064a4c103176585d1ad9405007c3dd555",
        "type": "github"
      },
      "original": {
        "owner": "stefan-hoeck",
        "repo": "idris2-rhone-js",
        "type": "github"
      }
    },
    "root": {
      "inputs": {
        "emacs-overlay": "emacs-overlay",
        "home-manager": "home-manager",
        "idris2-pkgs": "idris2-pkgs",
        "neovim-nightly-overlay": "neovim-nightly-overlay",
        "nix-colors": "nix-colors",
        "nix-doom-emacs": "nix-doom-emacs",
        "nixos-hardware": "nixos-hardware",
        "nixpkgs": "nixpkgs_2",
        "sops-nix": "sops-nix"
      }
    },
    "rotate-text": {
      "flake": false,
      "locked": {
        "lastModified": 1322962747,
        "narHash": "sha256-SOeOgSlcEIsKhUiYDJv0p+mLUb420s9E2BmvZQvZ0wk=",
        "owner": "debug-ito",
        "repo": "rotate-text.el",
        "rev": "48f193697db996855aee1ad2bc99b38c6646fe76",
        "type": "github"
      },
      "original": {
        "owner": "debug-ito",
        "repo": "rotate-text.el",
        "type": "github"
      }
    },
    "sop": {
      "flake": false,
      "locked": {
        "lastModified": 1637208122,
        "narHash": "sha256-fdusCtnjMs6VTgxRLWizhgyxf4FZZG5PLhW/DgeAwuA=",
        "owner": "stefan-hoeck",
        "repo": "idris2-sop",
        "rev": "fc64f6f089d6d4dc45d38290623d449fa1af17d3",
        "type": "github"
      },
      "original": {
        "owner": "stefan-hoeck",
        "repo": "idris2-sop",
        "type": "github"
      }
    },
    "sops-nix": {
      "inputs": {
        "nixpkgs": [
          "nixpkgs"
        ]
      },
      "locked": {
        "lastModified": 1622915462,
        "narHash": "sha256-Hr/DVKUnQt3BTR3o4vzux1Ed1mciKZOrCRWuwORzt4Y=",
        "owner": "Mic92",
        "repo": "sops-nix",
        "rev": "7918c59b392f23665c0b726d4c640d14be4b0b8b",
        "type": "github"
      },
      "original": {
        "owner": "Mic92",
        "repo": "sops-nix",
        "type": "github"
      }
    },
    "tailrec": {
      "flake": false,
      "locked": {
        "lastModified": 1637146655,
        "narHash": "sha256-0yi7MQIrISPvAwkgDC1M5PHDEeVyIaISF0HjKDaT0Rw=",
        "owner": "stefan-hoeck",
        "repo": "idris2-tailrec",
        "rev": "dd0bc6381b3a2e69aa37f9a8c1b165d4b1516ad7",
        "type": "github"
      },
      "original": {
        "owner": "stefan-hoeck",
        "repo": "idris2-tailrec",
        "type": "github"
      }
    },
    "xml": {
      "flake": false,
      "locked": {
        "lastModified": 1637939752,
        "narHash": "sha256-yYJBhPfwYoi7amlHmeNGrVCOAc3BjZpKTCd9wDs3XEM=",
        "owner": "madman-bob",
        "repo": "idris2-xml",
        "rev": "1292ccfcd58c551089ef699e4560343d5c473d64",
        "type": "github"
      },
      "original": {
        "owner": "madman-bob",
        "repo": "idris2-xml",
        "type": "github"
      }
    }
  },
  "root": "root",
  "version": 7
}
